// !$*UTF8*$!
{
	archiveVersion = 1;
	classes = {
	};
	objectVersion = 45;
	objects = {

/* Begin PBXBuildFile section */
		52112D9011A0F82000B71D00 /* oio_midi.c in Sources */ = {isa = PBXBuildFile; fileRef = 52112D8E11A0F82000B71D00 /* oio_midi.c */; };
		52112D9111A0F82000B71D00 /* oio_midi.h in Headers */ = {isa = PBXBuildFile; fileRef = 52112D8F11A0F82000B71D00 /* oio_midi.h */; };
		521130DD11A9BB5600B71D00 /* oio_midi_util.c in Sources */ = {isa = PBXBuildFile; fileRef = 521130DB11A9BB5600B71D00 /* oio_midi_util.c */; };
		521130DE11A9BB5600B71D00 /* oio_midi_util.h in Headers */ = {isa = PBXBuildFile; fileRef = 521130DC11A9BB5600B71D00 /* oio_midi_util.h */; };
		521130E211AA18B200B71D00 /* oio_midi_osc.c in Sources */ = {isa = PBXBuildFile; fileRef = 521130E011AA18B200B71D00 /* oio_midi_osc.c */; };
		521130E311AA18B200B71D00 /* oio_midi_osc.h in Headers */ = {isa = PBXBuildFile; fileRef = 521130E111AA18B200B71D00 /* oio_midi_osc.h */; };
		522F4BF11192179700F87140 /* oio_hid_util.c in Sources */ = {isa = PBXBuildFile; fileRef = 522F4BEF1192179700F87140 /* oio_hid_util.c */; };
		522F4BF21192179700F87140 /* oio_hid_util.h in Headers */ = {isa = PBXBuildFile; fileRef = 522F4BF01192179700F87140 /* oio_hid_util.h */; };
		522F4C0A11923ABB00F87140 /* oio_hid_osc.c in Sources */ = {isa = PBXBuildFile; fileRef = 522F4C0811923ABB00F87140 /* oio_hid_osc.c */; };
		522F4C0B11923ABB00F87140 /* oio_hid_osc.h in Headers */ = {isa = PBXBuildFile; fileRef = 522F4C0911923ABB00F87140 /* oio_hid_osc.h */; };
		522F4C521194647D00F87140 /* oio_osc_util.c in Sources */ = {isa = PBXBuildFile; fileRef = 522F4C501194647D00F87140 /* oio_osc_util.c */; };
		522F4C531194647D00F87140 /* oio_osc_util.h in Headers */ = {isa = PBXBuildFile; fileRef = 522F4C511194647D00F87140 /* oio_osc_util.h */; };
		522F4C8A1195BDFC00F87140 /* oio_hid_strings.c in Sources */ = {isa = PBXBuildFile; fileRef = 522F4C881195BDFC00F87140 /* oio_hid_strings.c */; };
		522F4C8B1195BDFC00F87140 /* oio_hid_strings.h in Headers */ = {isa = PBXBuildFile; fileRef = 522F4C891195BDFC00F87140 /* oio_hid_strings.h */; };
		52618E2D1199EFF500C4DC88 /* osc_match.c in Sources */ = {isa = PBXBuildFile; fileRef = 52618E2B1199EFF500C4DC88 /* osc_match.c */; };
		52618E2E1199EFF500C4DC88 /* osc_match.h in Headers */ = {isa = PBXBuildFile; fileRef = 52618E2C1199EFF500C4DC88 /* osc_match.h */; };
		52618F2B119E379A00C4DC88 /* osc_byteorder.h in Headers */ = {isa = PBXBuildFile; fileRef = 52618F28119E379A00C4DC88 /* osc_byteorder.h */; };
		52618F2C119E379A00C4DC88 /* osc_util.c in Sources */ = {isa = PBXBuildFile; fileRef = 52618F29119E379A00C4DC88 /* osc_util.c */; };
		52618F2D119E379A00C4DC88 /* osc_util.h in Headers */ = {isa = PBXBuildFile; fileRef = 52618F2A119E379A00C4DC88 /* osc_util.h */; };
		52A431D3118E082600702ADE /* oio_err.h in Headers */ = {isa = PBXBuildFile; fileRef = 52A431D0118E082600702ADE /* oio_err.h */; };
		52A431D4118E082600702ADE /* oio_hid.c in Sources */ = {isa = PBXBuildFile; fileRef = 52A431D1118E082600702ADE /* oio_hid.c */; };
		52A431D5118E082600702ADE /* oio_hid.h in Headers */ = {isa = PBXBuildFile; fileRef = 52A431D2118E082600702ADE /* oio_hid.h */; };
		52A431D9118E085100702ADE /* Carbon.framework in Frameworks */ = {isa = PBXBuildFile; fileRef = 52A431D8118E085100702ADE /* Carbon.framework */; };
		52A431DB118E086F00702ADE /* CoreMIDI.framework in Frameworks */ = {isa = PBXBuildFile; fileRef = 52A431DA118E086F00702ADE /* CoreMIDI.framework */; };
		52A431E5118E087900702ADE /* IOKit.framework in Frameworks */ = {isa = PBXBuildFile; fileRef = 52A431E4118E087900702ADE /* IOKit.framework */; };
		52A431E8118E0F2D00702ADE /* oio_mem.h in Headers */ = {isa = PBXBuildFile; fileRef = 52A431E6118E0F2D00702ADE /* oio_mem.h */; };
		52A431E9118E0F2D00702ADE /* oio_mem.c in Sources */ = {isa = PBXBuildFile; fileRef = 52A431E7118E0F2D00702ADE /* oio_mem.c */; };
		52A431FF118E18D300702ADE /* oio_err.c in Sources */ = {isa = PBXBuildFile; fileRef = 52A431FE118E18D300702ADE /* oio_err.c */; };
		52A43233118E214800702ADE /* CoreFoundation.framework in Frameworks */ = {isa = PBXBuildFile; fileRef = 52A43232118E214800702ADE /* CoreFoundation.framework */; };
		52A43348118F3D1200702ADE /* oio.h in Headers */ = {isa = PBXBuildFile; fileRef = 52A43346118F3D1200702ADE /* oio.h */; };
		52A4335B118F68C000702ADE /* oio_obj.c in Sources */ = {isa = PBXBuildFile; fileRef = 52A43359118F68C000702ADE /* oio_obj.c */; };
		52A4335C118F68C000702ADE /* oio_obj.h in Headers */ = {isa = PBXBuildFile; fileRef = 52A4335A118F68C000702ADE /* oio_obj.h */; };
		52F088F911CAFB6A002EDF4E /* oio_serial.c in Sources */ = {isa = PBXBuildFile; fileRef = 52F088F711CAFB6A002EDF4E /* oio_serial.c */; };
		52F088FA11CAFB6A002EDF4E /* oio_serial.h in Headers */ = {isa = PBXBuildFile; fileRef = 52F088F811CAFB6A002EDF4E /* oio_serial.h */; };
		52F088FD11CB2BA7002EDF4E /* oio_serial_util.c in Sources */ = {isa = PBXBuildFile; fileRef = 52F088FB11CB2BA7002EDF4E /* oio_serial_util.c */; };
		52F088FE11CB2BA7002EDF4E /* oio_serial_util.h in Headers */ = {isa = PBXBuildFile; fileRef = 52F088FC11CB2BA7002EDF4E /* oio_serial_util.h */; };
/* End PBXBuildFile section */

/* Begin PBXFileReference section */
		52112D8E11A0F82000B71D00 /* oio_midi.c */ = {isa = PBXFileReference; fileEncoding = 4; lastKnownFileType = sourcecode.c.c; path = oio_midi.c; sourceTree = "<group>"; };
		52112D8F11A0F82000B71D00 /* oio_midi.h */ = {isa = PBXFileReference; fileEncoding = 4; lastKnownFileType = sourcecode.c.h; path = oio_midi.h; sourceTree = "<group>"; };
		521130DB11A9BB5600B71D00 /* oio_midi_util.c */ = {isa = PBXFileReference; fileEncoding = 4; lastKnownFileType = sourcecode.c.c; path = oio_midi_util.c; sourceTree = "<group>"; };
		521130DC11A9BB5600B71D00 /* oio_midi_util.h */ = {isa = PBXFileReference; fileEncoding = 4; lastKnownFileType = sourcecode.c.h; path = oio_midi_util.h; sourceTree = "<group>"; };
		521130E011AA18B200B71D00 /* oio_midi_osc.c */ = {isa = PBXFileReference; fileEncoding = 4; lastKnownFileType = sourcecode.c.c; path = oio_midi_osc.c; sourceTree = "<group>"; };
		521130E111AA18B200B71D00 /* oio_midi_osc.h */ = {isa = PBXFileReference; fileEncoding = 4; lastKnownFileType = sourcecode.c.h; path = oio_midi_osc.h; sourceTree = "<group>"; };
		522F4BEF1192179700F87140 /* oio_hid_util.c */ = {isa = PBXFileReference; fileEncoding = 4; lastKnownFileType = sourcecode.c.c; path = oio_hid_util.c; sourceTree = "<group>"; };
		522F4BF01192179700F87140 /* oio_hid_util.h */ = {isa = PBXFileReference; fileEncoding = 4; lastKnownFileType = sourcecode.c.h; path = oio_hid_util.h; sourceTree = "<group>"; };
		522F4C0811923ABB00F87140 /* oio_hid_osc.c */ = {isa = PBXFileReference; fileEncoding = 4; lastKnownFileType = sourcecode.c.c; path = oio_hid_osc.c; sourceTree = "<group>"; };
		522F4C0911923ABB00F87140 /* oio_hid_osc.h */ = {isa = PBXFileReference; fileEncoding = 4; lastKnownFileType = sourcecode.c.h; path = oio_hid_osc.h; sourceTree = "<group>"; };
		522F4C501194647D00F87140 /* oio_osc_util.c */ = {isa = PBXFileReference; fileEncoding = 4; lastKnownFileType = sourcecode.c.c; path = oio_osc_util.c; sourceTree = "<group>"; };
		522F4C511194647D00F87140 /* oio_osc_util.h */ = {isa = PBXFileReference; fileEncoding = 4; lastKnownFileType = sourcecode.c.h; path = oio_osc_util.h; sourceTree = "<group>"; };
		522F4C881195BDFC00F87140 /* oio_hid_strings.c */ = {isa = PBXFileReference; fileEncoding = 4; lastKnownFileType = sourcecode.c.c; path = oio_hid_strings.c; sourceTree = "<group>"; };
		522F4C891195BDFC00F87140 /* oio_hid_strings.h */ = {isa = PBXFileReference; fileEncoding = 4; lastKnownFileType = sourcecode.c.h; path = oio_hid_strings.h; sourceTree = "<group>"; };
		52618E2B1199EFF500C4DC88 /* osc_match.c */ = {isa = PBXFileReference; fileEncoding = 4; lastKnownFileType = sourcecode.c.c; path = osc_match.c; sourceTree = "<group>"; };
		52618E2C1199EFF500C4DC88 /* osc_match.h */ = {isa = PBXFileReference; fileEncoding = 4; lastKnownFileType = sourcecode.c.h; path = osc_match.h; sourceTree = "<group>"; };
		52618F28119E379A00C4DC88 /* osc_byteorder.h */ = {isa = PBXFileReference; fileEncoding = 4; lastKnownFileType = sourcecode.c.h; path = osc_byteorder.h; sourceTree = "<group>"; };
		52618F29119E379A00C4DC88 /* osc_util.c */ = {isa = PBXFileReference; fileEncoding = 4; lastKnownFileType = sourcecode.c.c; path = osc_util.c; sourceTree = "<group>"; };
		52618F2A119E379A00C4DC88 /* osc_util.h */ = {isa = PBXFileReference; fileEncoding = 4; lastKnownFileType = sourcecode.c.h; path = osc_util.h; sourceTree = "<group>"; };
		52A431D0118E082600702ADE /* oio_err.h */ = {isa = PBXFileReference; fileEncoding = 4; lastKnownFileType = sourcecode.c.h; path = oio_err.h; sourceTree = "<group>"; };
		52A431D1118E082600702ADE /* oio_hid.c */ = {isa = PBXFileReference; fileEncoding = 4; lastKnownFileType = sourcecode.c.c; path = oio_hid.c; sourceTree = "<group>"; };
		52A431D2118E082600702ADE /* oio_hid.h */ = {isa = PBXFileReference; fileEncoding = 4; lastKnownFileType = sourcecode.c.h; path = oio_hid.h; sourceTree = "<group>"; };
		52A431D8118E085100702ADE /* Carbon.framework */ = {isa = PBXFileReference; lastKnownFileType = wrapper.framework; name = Carbon.framework; path = /System/Library/Frameworks/Carbon.framework; sourceTree = "<absolute>"; };
		52A431DA118E086F00702ADE /* CoreMIDI.framework */ = {isa = PBXFileReference; lastKnownFileType = wrapper.framework; name = CoreMIDI.framework; path = /System/Library/Frameworks/CoreMIDI.framework; sourceTree = "<absolute>"; };
		52A431E4118E087900702ADE /* IOKit.framework */ = {isa = PBXFileReference; lastKnownFileType = wrapper.framework; name = IOKit.framework; path = /System/Library/Frameworks/IOKit.framework; sourceTree = "<absolute>"; };
		52A431E6118E0F2D00702ADE /* oio_mem.h */ = {isa = PBXFileReference; fileEncoding = 4; lastKnownFileType = sourcecode.c.h; path = oio_mem.h; sourceTree = "<group>"; };
		52A431E7118E0F2D00702ADE /* oio_mem.c */ = {isa = PBXFileReference; fileEncoding = 4; lastKnownFileType = sourcecode.c.c; path = oio_mem.c; sourceTree = "<group>"; };
		52A431FE118E18D300702ADE /* oio_err.c */ = {isa = PBXFileReference; fileEncoding = 4; lastKnownFileType = sourcecode.c.c; path = oio_err.c; sourceTree = "<group>"; };
		52A43232118E214800702ADE /* CoreFoundation.framework */ = {isa = PBXFileReference; lastKnownFileType = wrapper.framework; name = CoreFoundation.framework; path = /System/Library/Frameworks/CoreFoundation.framework; sourceTree = "<absolute>"; };
		52A43346118F3D1200702ADE /* oio.h */ = {isa = PBXFileReference; fileEncoding = 4; lastKnownFileType = sourcecode.c.h; path = oio.h; sourceTree = "<group>"; };
		52A43359118F68C000702ADE /* oio_obj.c */ = {isa = PBXFileReference; fileEncoding = 4; lastKnownFileType = sourcecode.c.c; path = oio_obj.c; sourceTree = "<group>"; };
		52A4335A118F68C000702ADE /* oio_obj.h */ = {isa = PBXFileReference; fileEncoding = 4; lastKnownFileType = sourcecode.c.h; path = oio_obj.h; sourceTree = "<group>"; };
		52F088F711CAFB6A002EDF4E /* oio_serial.c */ = {isa = PBXFileReference; fileEncoding = 4; lastKnownFileType = sourcecode.c.c; path = oio_serial.c; sourceTree = "<group>"; };
		52F088F811CAFB6A002EDF4E /* oio_serial.h */ = {isa = PBXFileReference; fileEncoding = 4; lastKnownFileType = sourcecode.c.h; path = oio_serial.h; sourceTree = "<group>"; };
		52F088FB11CB2BA7002EDF4E /* oio_serial_util.c */ = {isa = PBXFileReference; fileEncoding = 4; lastKnownFileType = sourcecode.c.c; path = oio_serial_util.c; sourceTree = "<group>"; };
		52F088FC11CB2BA7002EDF4E /* oio_serial_util.h */ = {isa = PBXFileReference; fileEncoding = 4; lastKnownFileType = sourcecode.c.h; path = oio_serial_util.h; sourceTree = "<group>"; };
		D2AAC046055464E500DB518D /* liboio.a */ = {isa = PBXFileReference; explicitFileType = archive.ar; includeInIndex = 0; path = liboio.a; sourceTree = BUILT_PRODUCTS_DIR; };
/* End PBXFileReference section */

/* Begin PBXFrameworksBuildPhase section */
		D289987405E68DCB004EDB86 /* Frameworks */ = {
			isa = PBXFrameworksBuildPhase;
			buildActionMask = 2147483647;
			files = (
				52A431D9118E085100702ADE /* Carbon.framework in Frameworks */,
				52A431DB118E086F00702ADE /* CoreMIDI.framework in Frameworks */,
				52A431E5118E087900702ADE /* IOKit.framework in Frameworks */,
				52A43233118E214800702ADE /* CoreFoundation.framework in Frameworks */,
			);
			runOnlyForDeploymentPostprocessing = 0;
		};
/* End PBXFrameworksBuildPhase section */

/* Begin PBXGroup section */
		08FB7794FE84155DC02AAC07 /* oio */ = {
			isa = PBXGroup;
			children = (
				52A43232118E214800702ADE /* CoreFoundation.framework */,
				52A431E4118E087900702ADE /* IOKit.framework */,
				52A431DA118E086F00702ADE /* CoreMIDI.framework */,
				52A431D8118E085100702ADE /* Carbon.framework */,
				08FB7795FE84155DC02AAC07 /* Source */,
				C6A0FF2B0290797F04C91782 /* Documentation */,
				1AB674ADFE9D54B511CA2CBB /* Products */,
			);
			name = oio;
			sourceTree = "<group>";
		};
		08FB7795FE84155DC02AAC07 /* Source */ = {
			isa = PBXGroup;
			children = (
				52F088FB11CB2BA7002EDF4E /* oio_serial_util.c */,
				52F088FC11CB2BA7002EDF4E /* oio_serial_util.h */,
				52F088F711CAFB6A002EDF4E /* oio_serial.c */,
				52F088F811CAFB6A002EDF4E /* oio_serial.h */,
				521130E011AA18B200B71D00 /* oio_midi_osc.c */,
				521130E111AA18B200B71D00 /* oio_midi_osc.h */,
				521130DB11A9BB5600B71D00 /* oio_midi_util.c */,
				521130DC11A9BB5600B71D00 /* oio_midi_util.h */,
				52112D8E11A0F82000B71D00 /* oio_midi.c */,
				52112D8F11A0F82000B71D00 /* oio_midi.h */,
				52618F28119E379A00C4DC88 /* osc_byteorder.h */,
				52618F29119E379A00C4DC88 /* osc_util.c */,
				52618F2A119E379A00C4DC88 /* osc_util.h */,
				52618E2B1199EFF500C4DC88 /* osc_match.c */,
				52618E2C1199EFF500C4DC88 /* osc_match.h */,
				522F4C881195BDFC00F87140 /* oio_hid_strings.c */,
				522F4C891195BDFC00F87140 /* oio_hid_strings.h */,
				522F4C501194647D00F87140 /* oio_osc_util.c */,
				522F4C511194647D00F87140 /* oio_osc_util.h */,
				522F4C0811923ABB00F87140 /* oio_hid_osc.c */,
				522F4C0911923ABB00F87140 /* oio_hid_osc.h */,
				522F4BEF1192179700F87140 /* oio_hid_util.c */,
				522F4BF01192179700F87140 /* oio_hid_util.h */,
				52A431E6118E0F2D00702ADE /* oio_mem.h */,
				52A431E7118E0F2D00702ADE /* oio_mem.c */,
				52A431D0118E082600702ADE /* oio_err.h */,
				52A431FE118E18D300702ADE /* oio_err.c */,
				52A431D1118E082600702ADE /* oio_hid.c */,
				52A431D2118E082600702ADE /* oio_hid.h */,
				52A43359118F68C000702ADE /* oio_obj.c */,
				52A4335A118F68C000702ADE /* oio_obj.h */,
				52A43346118F3D1200702ADE /* oio.h */,
			);
			name = Source;
			sourceTree = "<group>";
		};
		1AB674ADFE9D54B511CA2CBB /* Products */ = {
			isa = PBXGroup;
			children = (
				D2AAC046055464E500DB518D /* liboio.a */,
			);
			name = Products;
			sourceTree = "<group>";
		};
		C6A0FF2B0290797F04C91782 /* Documentation */ = {
			isa = PBXGroup;
			children = (
			);
			name = Documentation;
			sourceTree = "<group>";
		};
/* End PBXGroup section */

/* Begin PBXHeadersBuildPhase section */
		D2AAC043055464E500DB518D /* Headers */ = {
			isa = PBXHeadersBuildPhase;
			buildActionMask = 2147483647;
			files = (
				52A431D3118E082600702ADE /* oio_err.h in Headers */,
				52A431D5118E082600702ADE /* oio_hid.h in Headers */,
				52A431E8118E0F2D00702ADE /* oio_mem.h in Headers */,
				52A43348118F3D1200702ADE /* oio.h in Headers */,
				52A4335C118F68C000702ADE /* oio_obj.h in Headers */,
				522F4BF21192179700F87140 /* oio_hid_util.h in Headers */,
				522F4C0B11923ABB00F87140 /* oio_hid_osc.h in Headers */,
				522F4C531194647D00F87140 /* oio_osc_util.h in Headers */,
				522F4C8B1195BDFC00F87140 /* oio_hid_strings.h in Headers */,
				52618E2E1199EFF500C4DC88 /* osc_match.h in Headers */,
				52618F2B119E379A00C4DC88 /* osc_byteorder.h in Headers */,
				52618F2D119E379A00C4DC88 /* osc_util.h in Headers */,
				52112D9111A0F82000B71D00 /* oio_midi.h in Headers */,
				521130DE11A9BB5600B71D00 /* oio_midi_util.h in Headers */,
				521130E311AA18B200B71D00 /* oio_midi_osc.h in Headers */,
				52F088FA11CAFB6A002EDF4E /* oio_serial.h in Headers */,
				52F088FE11CB2BA7002EDF4E /* oio_serial_util.h in Headers */,
			);
			runOnlyForDeploymentPostprocessing = 0;
		};
/* End PBXHeadersBuildPhase section */

/* Begin PBXNativeTarget section */
		D2AAC045055464E500DB518D /* oio */ = {
			isa = PBXNativeTarget;
			buildConfigurationList = 1DEB91EB08733DB70010E9CD /* Build configuration list for PBXNativeTarget "oio" */;
			buildPhases = (
				D2AAC043055464E500DB518D /* Headers */,
				D2AAC044055464E500DB518D /* Sources */,
				D289987405E68DCB004EDB86 /* Frameworks */,
			);
			buildRules = (
			);
			dependencies = (
			);
			name = oio;
			productName = oio;
			productReference = D2AAC046055464E500DB518D /* liboio.a */;
			productType = "com.apple.product-type.library.static";
		};
/* End PBXNativeTarget section */

/* Begin PBXProject section */
		08FB7793FE84155DC02AAC07 /* Project object */ = {
			isa = PBXProject;
			buildConfigurationList = 1DEB91EF08733DB70010E9CD /* Build configuration list for PBXProject "oio" */;
			compatibilityVersion = "Xcode 3.1";
			hasScannedForEncodings = 1;
			mainGroup = 08FB7794FE84155DC02AAC07 /* oio */;
			projectDirPath = "";
			projectRoot = "";
			targets = (
				D2AAC045055464E500DB518D /* oio */,
			);
		};
/* End PBXProject section */

/* Begin PBXSourcesBuildPhase section */
		D2AAC044055464E500DB518D /* Sources */ = {
			isa = PBXSourcesBuildPhase;
			buildActionMask = 2147483647;
			files = (
				52A431D4118E082600702ADE /* oio_hid.c in Sources */,
				52A431E9118E0F2D00702ADE /* oio_mem.c in Sources */,
				52A431FF118E18D300702ADE /* oio_err.c in Sources */,
				52A4335B118F68C000702ADE /* oio_obj.c in Sources */,
				522F4BF11192179700F87140 /* oio_hid_util.c in Sources */,
				522F4C0A11923ABB00F87140 /* oio_hid_osc.c in Sources */,
				522F4C521194647D00F87140 /* oio_osc_util.c in Sources */,
				522F4C8A1195BDFC00F87140 /* oio_hid_strings.c in Sources */,
				52618E2D1199EFF500C4DC88 /* osc_match.c in Sources */,
				52618F2C119E379A00C4DC88 /* osc_util.c in Sources */,
				52112D9011A0F82000B71D00 /* oio_midi.c in Sources */,
				521130DD11A9BB5600B71D00 /* oio_midi_util.c in Sources */,
				521130E211AA18B200B71D00 /* oio_midi_osc.c in Sources */,
				52F088F911CAFB6A002EDF4E /* oio_serial.c in Sources */,
				52F088FD11CB2BA7002EDF4E /* oio_serial_util.c in Sources */,
			);
			runOnlyForDeploymentPostprocessing = 0;
		};
/* End PBXSourcesBuildPhase section */

/* Begin XCBuildConfiguration section */
		1DEB91EC08733DB70010E9CD /* Debug */ = {
			isa = XCBuildConfiguration;
			buildSettings = {
				ALWAYS_SEARCH_USER_PATHS = NO;
				COPY_PHASE_STRIP = NO;
				GCC_DYNAMIC_NO_PIC = NO;
				GCC_ENABLE_FIX_AND_CONTINUE = YES;
				GCC_MODEL_TUNING = G5;
				GCC_OPTIMIZATION_LEVEL = 0;
				INSTALL_PATH = /usr/local/lib;
				PRODUCT_NAME = oio;
			};
			name = Debug;
		};
		1DEB91ED08733DB70010E9CD /* Release */ = {
			isa = XCBuildConfiguration;
			buildSettings = {
				ALWAYS_SEARCH_USER_PATHS = NO;
				DEBUG_INFORMATION_FORMAT = "dwarf-with-dsym";
				GCC_MODEL_TUNING = G5;
				GCC_VERSION = 4.2;
				INSTALL_PATH = /usr/local/lib;
				PRODUCT_NAME = oio;
				SDKROOT = macosx10.5;
			};
			name = Release;
		};
		1DEB91F008733DB70010E9CD /* Debug */ = {
			isa = XCBuildConfiguration;
			buildSettings = {
				ARCHS = "$(ARCHS_STANDARD_32_64_BIT)";
				GCC_C_LANGUAGE_STANDARD = gnu99;
				GCC_OPTIMIZATION_LEVEL = 0;
				GCC_WARN_ABOUT_RETURN_TYPE = YES;
				GCC_WARN_UNUSED_VARIABLE = YES;
				ONLY_ACTIVE_ARCH = YES;
				PREBINDING = NO;
				SDKROOT = macosx10.6;
			};
			name = Debug;
		};
		1DEB91F108733DB70010E9CD /* Release */ = {
			isa = XCBuildConfiguration;
			buildSettings = {
				ARCHS = "$(ARCHS_STANDARD_32_64_BIT)";
				GCC_C_LANGUAGE_STANDARD = gnu99;
				GCC_WARN_ABOUT_RETURN_TYPE = YES;
				GCC_WARN_UNUSED_VARIABLE = YES;
				PREBINDING = NO;
				SDKROOT = macosx10.6;
			};
			name = Release;
		};
/* End XCBuildConfiguration section */

/* Begin XCConfigurationList section */
		1DEB91EB08733DB70010E9CD /* Build configuration list for PBXNativeTarget "oio" */ = {
			isa = XCConfigurationList;
			buildConfigurations = (
				1DEB91EC08733DB70010E9CD /* Debug */,
				1DEB91ED08733DB70010E9CD /* Release */,
			);
			defaultConfigurationIsVisible = 0;
			defaultConfigurationName = Release;
		};
		1DEB91EF08733DB70010E9CD /* Build configuration list for PBXProject "oio" */ = {
			isa = XCConfigurationList;
			buildConfigurations = (
				1DEB91F008733DB70010E9CD /* Debug */,
				1DEB91F108733DB70010E9CD /* Release */,
			);
			defaultConfigurationIsVisible = 0;
			defaultConfigurationName = Release;
		};
/* End XCConfigurationList section */
	};
	rootObject = 08FB7793FE84155DC02AAC07 /* Project object */;
}
